// !$*UTF8*$!
{
	archiveVersion = 1;
	classes = {
	};
	objectVersion = 55;
	objects = {

/* Begin PBXBuildFile section */
		B507D62D2745055E009F2966 /* SpoifyAPI.swift in Sources */ = {isa = PBXBuildFile; fileRef = B507D62C2745055E009F2966 /* SpoifyAPI.swift */; };
		B51F134427424F3E00F44593 /* InputCell.swift in Sources */ = {isa = PBXBuildFile; fileRef = B51F134327424F3E00F44593 /* InputCell.swift */; };
		B51F134A2742523700F44593 /* InputCell.xib in Resources */ = {isa = PBXBuildFile; fileRef = B51F13492742523700F44593 /* InputCell.xib */; };
		B51FA3792752142D00089509 /* SignUpViewModel.swift in Sources */ = {isa = PBXBuildFile; fileRef = B51FA3782752142D00089509 /* SignUpViewModel.swift */; };
		B522C2AF273D3FCE0093206A /* StorageManager.swift in Sources */ = {isa = PBXBuildFile; fileRef = B522C2AE273D3FCE0093206A /* StorageManager.swift */; };
		B522C2B2273D404E0093206A /* String+Extension.swift in Sources */ = {isa = PBXBuildFile; fileRef = B522C2B1273D404E0093206A /* String+Extension.swift */; };
		B52666F427199FDB00A55A48 /* BaseViewController.swift in Sources */ = {isa = PBXBuildFile; fileRef = B52666F327199FDB00A55A48 /* BaseViewController.swift */; };
		B527F6402764D4CD00D066D9 /* TrackViewCell.swift in Sources */ = {isa = PBXBuildFile; fileRef = B527F63F2764D4CD00D066D9 /* TrackViewCell.swift */; };
		B527F6422765331B00D066D9 /* Collection+Extension.swift in Sources */ = {isa = PBXBuildFile; fileRef = B527F6412765331B00D066D9 /* Collection+Extension.swift */; };
		B53D0E4127425DF6007DE06F /* ButtonTableViewCell.swift in Sources */ = {isa = PBXBuildFile; fileRef = B53D0E3F27425DF6007DE06F /* ButtonTableViewCell.swift */; };
		B53D0E4227425DF6007DE06F /* ButtonTableViewCell.xib in Resources */ = {isa = PBXBuildFile; fileRef = B53D0E4027425DF6007DE06F /* ButtonTableViewCell.xib */; };
		B53E5D7E275B5B1E004E2B48 /* Localizable.strings in Resources */ = {isa = PBXBuildFile; fileRef = B53E5D80275B5B1E004E2B48 /* Localizable.strings */; };
		B53E5D84275B5FBA004E2B48 /* Localizable.swift in Sources */ = {isa = PBXBuildFile; fileRef = B53E5D83275B5FBA004E2B48 /* Localizable.swift */; };
		B53E5D87275B638E004E2B48 /* TabBarController.swift in Sources */ = {isa = PBXBuildFile; fileRef = B53E5D86275B638E004E2B48 /* TabBarController.swift */; };
		B53E5D8A275B63F2004E2B48 /* SearchMusicController.swift in Sources */ = {isa = PBXBuildFile; fileRef = B53E5D89275B63F2004E2B48 /* SearchMusicController.swift */; };
		B54E0D732770DC530064D540 /* KeychainSwift in Frameworks */ = {isa = PBXBuildFile; productRef = B54E0D722770DC530064D540 /* KeychainSwift */; };
		B54E0D752770DC580064D540 /* SDWebImage in Frameworks */ = {isa = PBXBuildFile; productRef = B54E0D742770DC580064D540 /* SDWebImage */; };
		B55458B6276BBA710030A4ED /* SearchResponse.swift in Sources */ = {isa = PBXBuildFile; fileRef = B55458B5276BBA710030A4ED /* SearchResponse.swift */; };
		B55458B8276BBB5F0030A4ED /* test.swift in Sources */ = {isa = PBXBuildFile; fileRef = B55458B7276BBB5F0030A4ED /* test.swift */; };
		B55458BA276BC1A50030A4ED /* PlayerPresenter.swift in Sources */ = {isa = PBXBuildFile; fileRef = B55458B9276BC1A50030A4ED /* PlayerPresenter.swift */; };
		B555AC7A2744300C00365376 /* AuthViewController.swift in Sources */ = {isa = PBXBuildFile; fileRef = B555AC792744300C00365376 /* AuthViewController.swift */; };
		B557706927601C110043BC73 /* AudioPlayer.swift in Sources */ = {isa = PBXBuildFile; fileRef = B557706827601C110043BC73 /* AudioPlayer.swift */; };
		B557706C27601CF60043BC73 /* PlayerViewController.swift in Sources */ = {isa = PBXBuildFile; fileRef = B557706B27601CF60043BC73 /* PlayerViewController.swift */; };
		B557706F276020C20043BC73 /* PlayerControlsView.swift in Sources */ = {isa = PBXBuildFile; fileRef = B557706E276020C20043BC73 /* PlayerControlsView.swift */; };
		B568C44D2757CD800001CAD3 /* CellWrapper.swift in Sources */ = {isa = PBXBuildFile; fileRef = B568C44C2757CD800001CAD3 /* CellWrapper.swift */; };
		B56FCADF271C61F4002CEA5E /* assets.xcassets in Resources */ = {isa = PBXBuildFile; fileRef = B56FCADE271C61F4002CEA5E /* assets.xcassets */; };
		B580030F276948DE009AF35F /* Validator.swift in Sources */ = {isa = PBXBuildFile; fileRef = B580030E276948DE009AF35F /* Validator.swift */; };
		B597C2AE274EBFC100FD9819 /* LoginHeaderView.swift in Sources */ = {isa = PBXBuildFile; fileRef = B597C2AD274EBFC100FD9819 /* LoginHeaderView.swift */; };
		B597C2B2274EC7B200FD9819 /* MemberView.swift in Sources */ = {isa = PBXBuildFile; fileRef = B597C2B1274EC7B200FD9819 /* MemberView.swift */; };
		B59AB0F92750BE6F00E49A8C /* TokenResponse.swift in Sources */ = {isa = PBXBuildFile; fileRef = B59AB0F82750BE6F00E49A8C /* TokenResponse.swift */; };
		B59AB0FB2750C15A00E49A8C /* ValidatorError.swift in Sources */ = {isa = PBXBuildFile; fileRef = B59AB0FA2750C15A00E49A8C /* ValidatorError.swift */; };
		B5AEE6842741106E00361C1C /* Constraints+Extension.swift in Sources */ = {isa = PBXBuildFile; fileRef = B5AEE6832741106E00361C1C /* Constraints+Extension.swift */; };
		B5B34933270E207C00E7DE1C /* AppDelegate.swift in Sources */ = {isa = PBXBuildFile; fileRef = B5B34932270E207C00E7DE1C /* AppDelegate.swift */; };
		B5B34935270E207C00E7DE1C /* SceneDelegate.swift in Sources */ = {isa = PBXBuildFile; fileRef = B5B34934270E207C00E7DE1C /* SceneDelegate.swift */; };
		B5B3493F270E207F00E7DE1C /* LaunchScreen.storyboard in Resources */ = {isa = PBXBuildFile; fileRef = B5B3493D270E207F00E7DE1C /* LaunchScreen.storyboard */; };
		B5CD57452750CC8200B9FB61 /* AudioTrackResponse.swift in Sources */ = {isa = PBXBuildFile; fileRef = B5CD57442750CC8200B9FB61 /* AudioTrackResponse.swift */; };
		B5CD57472750CE3A00B9FB61 /* Album.swift in Sources */ = {isa = PBXBuildFile; fileRef = B5CD57462750CE3A00B9FB61 /* Album.swift */; };
		B5CD57492750CE4300B9FB61 /* Artist.swift in Sources */ = {isa = PBXBuildFile; fileRef = B5CD57482750CE4300B9FB61 /* Artist.swift */; };
		B5CD574B2750CEDC00B9FB61 /* APIImage.swift in Sources */ = {isa = PBXBuildFile; fileRef = B5CD574A2750CEDC00B9FB61 /* APIImage.swift */; };
		B5CD574F2750D9B900B9FB61 /* RecommendationResponse.swift in Sources */ = {isa = PBXBuildFile; fileRef = B5CD574E2750D9B900B9FB61 /* RecommendationResponse.swift */; };
		B5CD57512750DA4700B9FB61 /* RecommendedGenresResponse.swift in Sources */ = {isa = PBXBuildFile; fileRef = B5CD57502750DA4700B9FB61 /* RecommendedGenresResponse.swift */; };
		B5E529C4272468CC0060CEBC /* SignUpViewController.swift in Sources */ = {isa = PBXBuildFile; fileRef = B5E529C2272468CC0060CEBC /* SignUpViewController.swift */; };
		B5E529C5272468CC0060CEBC /* SignUpViewController.xib in Resources */ = {isa = PBXBuildFile; fileRef = B5E529C3272468CC0060CEBC /* SignUpViewController.xib */; };
		B5E6B90927665DE100D669FB /* Constants.swift in Sources */ = {isa = PBXBuildFile; fileRef = B5E6B90827665DE100D669FB /* Constants.swift */; };
		B5E6B90B2766600F00D669FB /* BaseHeaderView.swift in Sources */ = {isa = PBXBuildFile; fileRef = B5E6B90A2766600F00D669FB /* BaseHeaderView.swift */; };
		B5E79ACB27613741004B1DEE /* music.json in Resources */ = {isa = PBXBuildFile; fileRef = B5E79ACA27613741004B1DEE /* music.json */; };
		B5E79ACE2761487F004B1DEE /* SpotifyLoginVC.swift in Sources */ = {isa = PBXBuildFile; fileRef = B5E79ACD2761487F004B1DEE /* SpotifyLoginVC.swift */; };
		B5F04D132751628D00850A2D /* SignInViewModel.swift in Sources */ = {isa = PBXBuildFile; fileRef = B5F04D122751628D00850A2D /* SignInViewModel.swift */; };
		B5F1ACD7273B001D00B0B03E /* UITableViewCell+Extension.swift in Sources */ = {isa = PBXBuildFile; fileRef = B5F1ACD6273B001D00B0B03E /* UITableViewCell+Extension.swift */; };
		B5FDF24327119F4100B1AF38 /* SignInViewController.swift in Sources */ = {isa = PBXBuildFile; fileRef = B5FDF24127119F4100B1AF38 /* SignInViewController.swift */; };
		B5FDF24427119F4100B1AF38 /* SignInViewController.xib in Resources */ = {isa = PBXBuildFile; fileRef = B5FDF24227119F4100B1AF38 /* SignInViewController.xib */; };
/* End PBXBuildFile section */

/* Begin PBXCopyFilesBuildPhase section */
		B55AB026273FFDF300A792E8 /* Embed Frameworks */ = {
			isa = PBXCopyFilesBuildPhase;
			buildActionMask = 2147483647;
			dstPath = "";
			dstSubfolderSpec = 10;
			files = (
			);
			name = "Embed Frameworks";
			runOnlyForDeploymentPostprocessing = 0;
		};
/* End PBXCopyFilesBuildPhase section */

/* Begin PBXFileReference section */
		B507D62C2745055E009F2966 /* SpoifyAPI.swift */ = {isa = PBXFileReference; lastKnownFileType = sourcecode.swift; path = SpoifyAPI.swift; sourceTree = "<group>"; };
		B51F134327424F3E00F44593 /* InputCell.swift */ = {isa = PBXFileReference; lastKnownFileType = sourcecode.swift; path = InputCell.swift; sourceTree = "<group>"; };
		B51F13492742523700F44593 /* InputCell.xib */ = {isa = PBXFileReference; lastKnownFileType = file.xib; path = InputCell.xib; sourceTree = "<group>"; };
		B51FA3782752142D00089509 /* SignUpViewModel.swift */ = {isa = PBXFileReference; lastKnownFileType = sourcecode.swift; path = SignUpViewModel.swift; sourceTree = "<group>"; };
		B522C2AE273D3FCE0093206A /* StorageManager.swift */ = {isa = PBXFileReference; lastKnownFileType = sourcecode.swift; path = StorageManager.swift; sourceTree = "<group>"; };
		B522C2B1273D404E0093206A /* String+Extension.swift */ = {isa = PBXFileReference; lastKnownFileType = sourcecode.swift; path = "String+Extension.swift"; sourceTree = "<group>"; };
		B52666F327199FDB00A55A48 /* BaseViewController.swift */ = {isa = PBXFileReference; lastKnownFileType = sourcecode.swift; path = BaseViewController.swift; sourceTree = "<group>"; };
		B527F63F2764D4CD00D066D9 /* TrackViewCell.swift */ = {isa = PBXFileReference; lastKnownFileType = sourcecode.swift; path = TrackViewCell.swift; sourceTree = "<group>"; };
		B527F6412765331B00D066D9 /* Collection+Extension.swift */ = {isa = PBXFileReference; lastKnownFileType = sourcecode.swift; path = "Collection+Extension.swift"; sourceTree = "<group>"; };
		B53D0E3F27425DF6007DE06F /* ButtonTableViewCell.swift */ = {isa = PBXFileReference; lastKnownFileType = sourcecode.swift; path = ButtonTableViewCell.swift; sourceTree = "<group>"; };
		B53D0E4027425DF6007DE06F /* ButtonTableViewCell.xib */ = {isa = PBXFileReference; lastKnownFileType = file.xib; path = ButtonTableViewCell.xib; sourceTree = "<group>"; };
		B53E5D7B275B5AD0004E2B48 /* ru */ = {isa = PBXFileReference; lastKnownFileType = text.plist.strings; name = ru; path = ru.lproj/LaunchScreen.strings; sourceTree = "<group>"; };
		B53E5D7F275B5B1E004E2B48 /* ru */ = {isa = PBXFileReference; lastKnownFileType = text.plist.strings; name = ru; path = ru.lproj/Localizable.strings; sourceTree = "<group>"; };
		B53E5D81275B5B20004E2B48 /* en */ = {isa = PBXFileReference; lastKnownFileType = text.plist.strings; name = en; path = en.lproj/Localizable.strings; sourceTree = "<group>"; };
		B53E5D83275B5FBA004E2B48 /* Localizable.swift */ = {isa = PBXFileReference; lastKnownFileType = sourcecode.swift; path = Localizable.swift; sourceTree = "<group>"; };
		B53E5D86275B638E004E2B48 /* TabBarController.swift */ = {isa = PBXFileReference; lastKnownFileType = sourcecode.swift; path = TabBarController.swift; sourceTree = "<group>"; };
		B53E5D89275B63F2004E2B48 /* SearchMusicController.swift */ = {isa = PBXFileReference; lastKnownFileType = sourcecode.swift; path = SearchMusicController.swift; sourceTree = "<group>"; };
		B55458B5276BBA710030A4ED /* SearchResponse.swift */ = {isa = PBXFileReference; lastKnownFileType = sourcecode.swift; path = SearchResponse.swift; sourceTree = "<group>"; };
		B55458B7276BBB5F0030A4ED /* test.swift */ = {isa = PBXFileReference; lastKnownFileType = sourcecode.swift; path = test.swift; sourceTree = "<group>"; };
		B55458B9276BC1A50030A4ED /* PlayerPresenter.swift */ = {isa = PBXFileReference; lastKnownFileType = sourcecode.swift; path = PlayerPresenter.swift; sourceTree = "<group>"; };
		B555AC792744300C00365376 /* AuthViewController.swift */ = {isa = PBXFileReference; lastKnownFileType = sourcecode.swift; path = AuthViewController.swift; sourceTree = "<group>"; };
		B557706827601C110043BC73 /* AudioPlayer.swift */ = {isa = PBXFileReference; lastKnownFileType = sourcecode.swift; path = AudioPlayer.swift; sourceTree = "<group>"; };
		B557706B27601CF60043BC73 /* PlayerViewController.swift */ = {isa = PBXFileReference; lastKnownFileType = sourcecode.swift; path = PlayerViewController.swift; sourceTree = "<group>"; };
		B557706E276020C20043BC73 /* PlayerControlsView.swift */ = {isa = PBXFileReference; lastKnownFileType = sourcecode.swift; path = PlayerControlsView.swift; sourceTree = "<group>"; };
		B568C44C2757CD800001CAD3 /* CellWrapper.swift */ = {isa = PBXFileReference; lastKnownFileType = sourcecode.swift; path = CellWrapper.swift; sourceTree = "<group>"; };
		B56FCADE271C61F4002CEA5E /* assets.xcassets */ = {isa = PBXFileReference; lastKnownFileType = folder.assetcatalog; path = assets.xcassets; sourceTree = "<group>"; };
		B580030E276948DE009AF35F /* Validator.swift */ = {isa = PBXFileReference; lastKnownFileType = sourcecode.swift; path = Validator.swift; sourceTree = "<group>"; };
		B597C2AD274EBFC100FD9819 /* LoginHeaderView.swift */ = {isa = PBXFileReference; lastKnownFileType = sourcecode.swift; path = LoginHeaderView.swift; sourceTree = "<group>"; };
		B597C2B1274EC7B200FD9819 /* MemberView.swift */ = {isa = PBXFileReference; lastKnownFileType = sourcecode.swift; path = MemberView.swift; sourceTree = "<group>"; };
		B59AB0F82750BE6F00E49A8C /* TokenResponse.swift */ = {isa = PBXFileReference; lastKnownFileType = sourcecode.swift; path = TokenResponse.swift; sourceTree = "<group>"; };
		B59AB0FA2750C15A00E49A8C /* ValidatorError.swift */ = {isa = PBXFileReference; lastKnownFileType = sourcecode.swift; path = ValidatorError.swift; sourceTree = "<group>"; };
		B5AEE6832741106E00361C1C /* Constraints+Extension.swift */ = {isa = PBXFileReference; lastKnownFileType = sourcecode.swift; path = "Constraints+Extension.swift"; sourceTree = "<group>"; };
		B5B3492F270E207C00E7DE1C /* Musical_Player.app */ = {isa = PBXFileReference; explicitFileType = wrapper.application; includeInIndex = 0; path = Musical_Player.app; sourceTree = BUILT_PRODUCTS_DIR; };
		B5B34932270E207C00E7DE1C /* AppDelegate.swift */ = {isa = PBXFileReference; lastKnownFileType = sourcecode.swift; path = AppDelegate.swift; sourceTree = "<group>"; };
		B5B34934270E207C00E7DE1C /* SceneDelegate.swift */ = {isa = PBXFileReference; lastKnownFileType = sourcecode.swift; path = SceneDelegate.swift; sourceTree = "<group>"; };
		B5B3493E270E207F00E7DE1C /* Base */ = {isa = PBXFileReference; lastKnownFileType = file.storyboard; name = Base; path = Base.lproj/LaunchScreen.storyboard; sourceTree = "<group>"; };
		B5B34940270E207F00E7DE1C /* Info.plist */ = {isa = PBXFileReference; lastKnownFileType = text.plist.xml; path = Info.plist; sourceTree = "<group>"; };
		B5CD57442750CC8200B9FB61 /* AudioTrackResponse.swift */ = {isa = PBXFileReference; lastKnownFileType = sourcecode.swift; path = AudioTrackResponse.swift; sourceTree = "<group>"; };
		B5CD57462750CE3A00B9FB61 /* Album.swift */ = {isa = PBXFileReference; lastKnownFileType = sourcecode.swift; path = Album.swift; sourceTree = "<group>"; };
		B5CD57482750CE4300B9FB61 /* Artist.swift */ = {isa = PBXFileReference; lastKnownFileType = sourcecode.swift; path = Artist.swift; sourceTree = "<group>"; };
		B5CD574A2750CEDC00B9FB61 /* APIImage.swift */ = {isa = PBXFileReference; lastKnownFileType = sourcecode.swift; path = APIImage.swift; sourceTree = "<group>"; };
		B5CD574E2750D9B900B9FB61 /* RecommendationResponse.swift */ = {isa = PBXFileReference; lastKnownFileType = sourcecode.swift; path = RecommendationResponse.swift; sourceTree = "<group>"; };
		B5CD57502750DA4700B9FB61 /* RecommendedGenresResponse.swift */ = {isa = PBXFileReference; lastKnownFileType = sourcecode.swift; path = RecommendedGenresResponse.swift; sourceTree = "<group>"; };
		B5E529C2272468CC0060CEBC /* SignUpViewController.swift */ = {isa = PBXFileReference; lastKnownFileType = sourcecode.swift; path = SignUpViewController.swift; sourceTree = "<group>"; };
		B5E529C3272468CC0060CEBC /* SignUpViewController.xib */ = {isa = PBXFileReference; lastKnownFileType = file.xib; path = SignUpViewController.xib; sourceTree = "<group>"; };
		B5E6B90827665DE100D669FB /* Constants.swift */ = {isa = PBXFileReference; lastKnownFileType = sourcecode.swift; path = Constants.swift; sourceTree = "<group>"; };
		B5E6B90A2766600F00D669FB /* BaseHeaderView.swift */ = {isa = PBXFileReference; lastKnownFileType = sourcecode.swift; path = BaseHeaderView.swift; sourceTree = "<group>"; };
		B5E79ACA27613741004B1DEE /* music.json */ = {isa = PBXFileReference; lastKnownFileType = text.json; path = music.json; sourceTree = "<group>"; };
		B5E79ACD2761487F004B1DEE /* SpotifyLoginVC.swift */ = {isa = PBXFileReference; fileEncoding = 4; lastKnownFileType = sourcecode.swift; path = SpotifyLoginVC.swift; sourceTree = "<group>"; };
		B5F04D122751628D00850A2D /* SignInViewModel.swift */ = {isa = PBXFileReference; lastKnownFileType = sourcecode.swift; path = SignInViewModel.swift; sourceTree = "<group>"; };
		B5F1ACD6273B001D00B0B03E /* UITableViewCell+Extension.swift */ = {isa = PBXFileReference; lastKnownFileType = sourcecode.swift; path = "UITableViewCell+Extension.swift"; sourceTree = "<group>"; };
		B5FDF24127119F4100B1AF38 /* SignInViewController.swift */ = {isa = PBXFileReference; lastKnownFileType = sourcecode.swift; path = SignInViewController.swift; sourceTree = "<group>"; };
		B5FDF24227119F4100B1AF38 /* SignInViewController.xib */ = {isa = PBXFileReference; lastKnownFileType = file.xib; path = SignInViewController.xib; sourceTree = "<group>"; };
/* End PBXFileReference section */

/* Begin PBXFrameworksBuildPhase section */
		B5B3492C270E207C00E7DE1C /* Frameworks */ = {
			isa = PBXFrameworksBuildPhase;
			buildActionMask = 2147483647;
			files = (
				B54E0D752770DC580064D540 /* SDWebImage in Frameworks */,
				B54E0D732770DC530064D540 /* KeychainSwift in Frameworks */,
			);
			runOnlyForDeploymentPostprocessing = 0;
		};
/* End PBXFrameworksBuildPhase section */

/* Begin PBXGroup section */
		B51F134027424E8500F44593 /* SignUpViewController */ = {
			isa = PBXGroup;
			children = (
				B51FA3772752141A00089509 /* ViewModel */,
				B5E529C2272468CC0060CEBC /* SignUpViewController.swift */,
				B5E529C3272468CC0060CEBC /* SignUpViewController.xib */,
			);
			path = SignUpViewController;
			sourceTree = "<group>";
		};
		B51F134827424FC000F44593 /* InputCell */ = {
			isa = PBXGroup;
			children = (
				B51F134327424F3E00F44593 /* InputCell.swift */,
				B51F13492742523700F44593 /* InputCell.xib */,
			);
			path = InputCell;
			sourceTree = "<group>";
		};
		B51FA3772752141A00089509 /* ViewModel */ = {
			isa = PBXGroup;
			children = (
				B51FA3782752142D00089509 /* SignUpViewModel.swift */,
			);
			path = ViewModel;
			sourceTree = "<group>";
		};
		B522C2AD273D3FB10093206A /* Managers */ = {
			isa = PBXGroup;
			children = (
				B522C2AE273D3FCE0093206A /* StorageManager.swift */,
				B507D62C2745055E009F2966 /* SpoifyAPI.swift */,
				B557706827601C110043BC73 /* AudioPlayer.swift */,
				B580030E276948DE009AF35F /* Validator.swift */,
				B55458B9276BC1A50030A4ED /* PlayerPresenter.swift */,
			);
			path = Managers;
			sourceTree = "<group>";
		};
		B522C2B0273D402B0093206A /* Extensions */ = {
			isa = PBXGroup;
			children = (
				B5F1ACD6273B001D00B0B03E /* UITableViewCell+Extension.swift */,
				B522C2B1273D404E0093206A /* String+Extension.swift */,
				B5AEE6832741106E00361C1C /* Constraints+Extension.swift */,
				B527F6412765331B00D066D9 /* Collection+Extension.swift */,
			);
			path = Extensions;
			sourceTree = "<group>";
		};
		B527F63E2764D49C00D066D9 /* Cells */ = {
			isa = PBXGroup;
			children = (
				B585983127390287003EE8E9 /* LoginViewCells */,
			);
			path = Cells;
			sourceTree = "<group>";
		};
		B5322A502726910100EF5841 /* Controllers */ = {
			isa = PBXGroup;
			children = (
				B53E5D8C275B6981004E2B48 /* MainControllers */,
				B53E5D8B275B694C004E2B48 /* AuthorizeControllers */,
			);
			path = Controllers;
			sourceTree = "<group>";
		};
		B5322A512726911000EF5841 /* Resourses */ = {
			isa = PBXGroup;
			children = (
				B5B34932270E207C00E7DE1C /* AppDelegate.swift */,
				B5B34934270E207C00E7DE1C /* SceneDelegate.swift */,
				B56FCADE271C61F4002CEA5E /* assets.xcassets */,
				B53E5D80275B5B1E004E2B48 /* Localizable.strings */,
				B5E79ACA27613741004B1DEE /* music.json */,
				B55458B7276BBB5F0030A4ED /* test.swift */,
			);
			path = Resourses;
			sourceTree = "<group>";
		};
		B5322A522726912C00EF5841 /* Views */ = {
			isa = PBXGroup;
			children = (
				B527F63E2764D49C00D066D9 /* Cells */,
				B557706D276020B40043BC73 /* MainViews */,
				B53E5D8D275B69B3004E2B48 /* LoginViews */,
				B5B3493D270E207F00E7DE1C /* LaunchScreen.storyboard */,
			);
			path = Views;
			sourceTree = "<group>";
		};
		B53D0E3D2742550C007DE06F /* BaseViewController */ = {
			isa = PBXGroup;
			children = (
				B52666F327199FDB00A55A48 /* BaseViewController.swift */,
			);
			path = BaseViewController;
			sourceTree = "<group>";
		};
		B53D0E3E27425D8D007DE06F /* Button Cell */ = {
			isa = PBXGroup;
			children = (
				B53D0E3F27425DF6007DE06F /* ButtonTableViewCell.swift */,
				B53D0E4027425DF6007DE06F /* ButtonTableViewCell.xib */,
			);
			path = "Button Cell";
			sourceTree = "<group>";
		};
		B53E5D82275B5FA2004E2B48 /* Models */ = {
			isa = PBXGroup;
			children = (
				B59AB0F72750BE5B00E49A8C /* SpotifyModels */,
			);
			path = Models;
			sourceTree = "<group>";
		};
		B53E5D85275B6364004E2B48 /* TabBarController */ = {
			isa = PBXGroup;
			children = (
				B53E5D86275B638E004E2B48 /* TabBarController.swift */,
			);
			path = TabBarController;
			sourceTree = "<group>";
		};
		B53E5D88275B63D9004E2B48 /* LibraryController */ = {
			isa = PBXGroup;
			children = (
				B53E5D89275B63F2004E2B48 /* SearchMusicController.swift */,
			);
			path = LibraryController;
			sourceTree = "<group>";
		};
		B53E5D8B275B694C004E2B48 /* AuthorizeControllers */ = {
			isa = PBXGroup;
			children = (
				B555AC7E2744441A00365376 /* AuthViewController */,
				B55AB01E273FE2A500A792E8 /* SignInViewController */,
				B51F134027424E8500F44593 /* SignUpViewController */,
			);
			path = AuthorizeControllers;
			sourceTree = "<group>";
		};
		B53E5D8C275B6981004E2B48 /* MainControllers */ = {
			isa = PBXGroup;
			children = (
				B5E79ACD2761487F004B1DEE /* SpotifyLoginVC.swift */,
				B557706A27601CE10043BC73 /* PlayViewController */,
				B53D0E3D2742550C007DE06F /* BaseViewController */,
				B53E5D85275B6364004E2B48 /* TabBarController */,
				B53E5D88275B63D9004E2B48 /* LibraryController */,
			);
			path = MainControllers;
			sourceTree = "<group>";
		};
		B53E5D8D275B69B3004E2B48 /* LoginViews */ = {
			isa = PBXGroup;
			children = (
				B597C2AD274EBFC100FD9819 /* LoginHeaderView.swift */,
				B597C2B1274EC7B200FD9819 /* MemberView.swift */,
			);
			path = LoginViews;
			sourceTree = "<group>";
		};
		B54E0D712770DC530064D540 /* Frameworks */ = {
			isa = PBXGroup;
			children = (
			);
			name = Frameworks;
			sourceTree = "<group>";
		};
		B555AC7E2744441A00365376 /* AuthViewController */ = {
			isa = PBXGroup;
			children = (
				B555AC792744300C00365376 /* AuthViewController.swift */,
			);
			path = AuthViewController;
			sourceTree = "<group>";
		};
		B557706A27601CE10043BC73 /* PlayViewController */ = {
			isa = PBXGroup;
			children = (
				B557706B27601CF60043BC73 /* PlayerViewController.swift */,
			);
			path = PlayViewController;
			sourceTree = "<group>";
		};
		B557706D276020B40043BC73 /* MainViews */ = {
			isa = PBXGroup;
			children = (
				B557706E276020C20043BC73 /* PlayerControlsView.swift */,
				B5E6B90A2766600F00D669FB /* BaseHeaderView.swift */,
			);
			path = MainViews;
			sourceTree = "<group>";
		};
		B55AB01E273FE2A500A792E8 /* SignInViewController */ = {
			isa = PBXGroup;
			children = (
				B5F04D112751627B00850A2D /* ViewModel */,
				B5FDF24227119F4100B1AF38 /* SignInViewController.xib */,
				B5FDF24127119F4100B1AF38 /* SignInViewController.swift */,
			);
			path = SignInViewController;
			sourceTree = "<group>";
		};
		B585983127390287003EE8E9 /* LoginViewCells */ = {
			isa = PBXGroup;
			children = (
				B58C4371276A7CD90007FCB7 /* TrackViewCell */,
				B53D0E3E27425D8D007DE06F /* Button Cell */,
				B51F134827424FC000F44593 /* InputCell */,
			);
			path = LoginViewCells;
			sourceTree = "<group>";
		};
		B58C4371276A7CD90007FCB7 /* TrackViewCell */ = {
			isa = PBXGroup;
			children = (
				B527F63F2764D4CD00D066D9 /* TrackViewCell.swift */,
			);
			path = TrackViewCell;
			sourceTree = "<group>";
		};
		B59AB0F72750BE5B00E49A8C /* SpotifyModels */ = {
			isa = PBXGroup;
			children = (
				B59AB0F82750BE6F00E49A8C /* TokenResponse.swift */,
				B5CD57442750CC8200B9FB61 /* AudioTrackResponse.swift */,
				B5CD57462750CE3A00B9FB61 /* Album.swift */,
				B5CD57482750CE4300B9FB61 /* Artist.swift */,
				B5CD574A2750CEDC00B9FB61 /* APIImage.swift */,
				B5CD574E2750D9B900B9FB61 /* RecommendationResponse.swift */,
				B5CD57502750DA4700B9FB61 /* RecommendedGenresResponse.swift */,
				B55458B5276BBA710030A4ED /* SearchResponse.swift */,
			);
			path = SpotifyModels;
			sourceTree = "<group>";
		};
		B5B34926270E207B00E7DE1C = {
			isa = PBXGroup;
			children = (
				B5B34931270E207C00E7DE1C /* Musical_Player */,
				B5B34930270E207C00E7DE1C /* Products */,
				B54E0D712770DC530064D540 /* Frameworks */,
			);
			sourceTree = "<group>";
		};
		B5B34930270E207C00E7DE1C /* Products */ = {
			isa = PBXGroup;
			children = (
				B5B3492F270E207C00E7DE1C /* Musical_Player.app */,
			);
			name = Products;
			sourceTree = "<group>";
		};
		B5B34931270E207C00E7DE1C /* Musical_Player */ = {
			isa = PBXGroup;
			children = (
				B5E79ACC276140CB004B1DEE /* Helpers */,
				B53E5D82275B5FA2004E2B48 /* Models */,
				B522C2B0273D402B0093206A /* Extensions */,
				B522C2AD273D3FB10093206A /* Managers */,
				B5322A512726911000EF5841 /* Resourses */,
				B5322A522726912C00EF5841 /* Views */,
				B5322A502726910100EF5841 /* Controllers */,
				B5B34940270E207F00E7DE1C /* Info.plist */,
			);
			path = Musical_Player;
			sourceTree = "<group>";
		};
		B5E79ACC276140CB004B1DEE /* Helpers */ = {
			isa = PBXGroup;
			children = (
				B53E5D83275B5FBA004E2B48 /* Localizable.swift */,
				B59AB0FA2750C15A00E49A8C /* ValidatorError.swift */,
				B5E6B90827665DE100D669FB /* Constants.swift */,
				B568C44C2757CD800001CAD3 /* CellWrapper.swift */,
			);
			path = Helpers;
			sourceTree = "<group>";
		};
		B5F04D112751627B00850A2D /* ViewModel */ = {
			isa = PBXGroup;
			children = (
				B5F04D122751628D00850A2D /* SignInViewModel.swift */,
			);
			path = ViewModel;
			sourceTree = "<group>";
		};
/* End PBXGroup section */

/* Begin PBXNativeTarget section */
		B5B3492E270E207C00E7DE1C /* Musical_Player */ = {
			isa = PBXNativeTarget;
			buildConfigurationList = B5B34943270E207F00E7DE1C /* Build configuration list for PBXNativeTarget "Musical_Player" */;
			buildPhases = (
				B5B3492B270E207C00E7DE1C /* Sources */,
				B5B3492C270E207C00E7DE1C /* Frameworks */,
				B5B3492D270E207C00E7DE1C /* Resources */,
				B55AB026273FFDF300A792E8 /* Embed Frameworks */,
			);
			buildRules = (
			);
			dependencies = (
			);
			name = Musical_Player;
			packageProductDependencies = (
				B54E0D722770DC530064D540 /* KeychainSwift */,
				B54E0D742770DC580064D540 /* SDWebImage */,
			);
			productName = Musical_Player;
			productReference = B5B3492F270E207C00E7DE1C /* Musical_Player.app */;
			productType = "com.apple.product-type.application";
		};
/* End PBXNativeTarget section */

/* Begin PBXProject section */
		B5B34927270E207B00E7DE1C /* Project object */ = {
			isa = PBXProject;
			attributes = {
				BuildIndependentTargetsInParallel = 1;
				LastSwiftUpdateCheck = 1300;
				LastUpgradeCheck = 1300;
				TargetAttributes = {
					B5B3492E270E207C00E7DE1C = {
						CreatedOnToolsVersion = 13.0;
					};
				};
			};
			buildConfigurationList = B5B3492A270E207C00E7DE1C /* Build configuration list for PBXProject "Musical_Player" */;
			compatibilityVersion = "Xcode 13.0";
			developmentRegion = en;
			hasScannedForEncodings = 0;
			knownRegions = (
				en,
				Base,
				ru,
			);
			mainGroup = B5B34926270E207B00E7DE1C;
			packageReferences = (
				B555AC7B27443F4D00365376 /* XCRemoteSwiftPackageReference "keychain-swift" */,
				B5E79AC72761306F004B1DEE /* XCRemoteSwiftPackageReference "SDWebImage" */,
			);
			productRefGroup = B5B34930270E207C00E7DE1C /* Products */;
			projectDirPath = "";
			projectRoot = "";
			targets = (
				B5B3492E270E207C00E7DE1C /* Musical_Player */,
			);
		};
/* End PBXProject section */

/* Begin PBXResourcesBuildPhase section */
		B5B3492D270E207C00E7DE1C /* Resources */ = {
			isa = PBXResourcesBuildPhase;
			buildActionMask = 2147483647;
			files = (
				B5FDF24427119F4100B1AF38 /* SignInViewController.xib in Resources */,
				B5B3493F270E207F00E7DE1C /* LaunchScreen.storyboard in Resources */,
				B53D0E4227425DF6007DE06F /* ButtonTableViewCell.xib in Resources */,
				B53E5D7E275B5B1E004E2B48 /* Localizable.strings in Resources */,
				B5E529C5272468CC0060CEBC /* SignUpViewController.xib in Resources */,
				B56FCADF271C61F4002CEA5E /* assets.xcassets in Resources */,
				B5E79ACB27613741004B1DEE /* music.json in Resources */,
				B51F134A2742523700F44593 /* InputCell.xib in Resources */,
			);
			runOnlyForDeploymentPostprocessing = 0;
		};
/* End PBXResourcesBuildPhase section */

/* Begin PBXSourcesBuildPhase section */
		B5B3492B270E207C00E7DE1C /* Sources */ = {
			isa = PBXSourcesBuildPhase;
			buildActionMask = 2147483647;
			files = (
				B597C2B2274EC7B200FD9819 /* MemberView.swift in Sources */,
				B5CD574B2750CEDC00B9FB61 /* APIImage.swift in Sources */,
				B5E529C4272468CC0060CEBC /* SignUpViewController.swift in Sources */,
				B5B34933270E207C00E7DE1C /* AppDelegate.swift in Sources */,
				B507D62D2745055E009F2966 /* SpoifyAPI.swift in Sources */,
				B557706F276020C20043BC73 /* PlayerControlsView.swift in Sources */,
				B59AB0F92750BE6F00E49A8C /* TokenResponse.swift in Sources */,
				B5CD57472750CE3A00B9FB61 /* Album.swift in Sources */,
				B53E5D8A275B63F2004E2B48 /* SearchMusicController.swift in Sources */,
				B557706C27601CF60043BC73 /* PlayerViewController.swift in Sources */,
				B5E6B90B2766600F00D669FB /* BaseHeaderView.swift in Sources */,
				B5CD57452750CC8200B9FB61 /* AudioTrackResponse.swift in Sources */,
				B53D0E4127425DF6007DE06F /* ButtonTableViewCell.swift in Sources */,
				B55458B8276BBB5F0030A4ED /* test.swift in Sources */,
				B522C2AF273D3FCE0093206A /* StorageManager.swift in Sources */,
				B59AB0FB2750C15A00E49A8C /* ValidatorError.swift in Sources */,
				B568C44D2757CD800001CAD3 /* CellWrapper.swift in Sources */,
				B5CD57512750DA4700B9FB61 /* RecommendedGenresResponse.swift in Sources */,
				B52666F427199FDB00A55A48 /* BaseViewController.swift in Sources */,
				B580030F276948DE009AF35F /* Validator.swift in Sources */,
				B5FDF24327119F4100B1AF38 /* SignInViewController.swift in Sources */,
				B51FA3792752142D00089509 /* SignUpViewModel.swift in Sources */,
				B5F04D132751628D00850A2D /* SignInViewModel.swift in Sources */,
				B51F134427424F3E00F44593 /* InputCell.swift in Sources */,
				B5AEE6842741106E00361C1C /* Constraints+Extension.swift in Sources */,
				B555AC7A2744300C00365376 /* AuthViewController.swift in Sources */,
				B527F6402764D4CD00D066D9 /* TrackViewCell.swift in Sources */,
				B55458B6276BBA710030A4ED /* SearchResponse.swift in Sources */,
				B527F6422765331B00D066D9 /* Collection+Extension.swift in Sources */,
				B5F1ACD7273B001D00B0B03E /* UITableViewCell+Extension.swift in Sources */,
				B55458BA276BC1A50030A4ED /* PlayerPresenter.swift in Sources */,
				B557706927601C110043BC73 /* AudioPlayer.swift in Sources */,
				B53E5D84275B5FBA004E2B48 /* Localizable.swift in Sources */,
				B53E5D87275B638E004E2B48 /* TabBarController.swift in Sources */,
				B5CD574F2750D9B900B9FB61 /* RecommendationResponse.swift in Sources */,
				B5E79ACE2761487F004B1DEE /* SpotifyLoginVC.swift in Sources */,
				B522C2B2273D404E0093206A /* String+Extension.swift in Sources */,
				B5CD57492750CE4300B9FB61 /* Artist.swift in Sources */,
				B5B34935270E207C00E7DE1C /* SceneDelegate.swift in Sources */,
				B5E6B90927665DE100D669FB /* Constants.swift in Sources */,
				B597C2AE274EBFC100FD9819 /* LoginHeaderView.swift in Sources */,
			);
			runOnlyForDeploymentPostprocessing = 0;
		};
/* End PBXSourcesBuildPhase section */

/* Begin PBXVariantGroup section */
		B53E5D80275B5B1E004E2B48 /* Localizable.strings */ = {
			isa = PBXVariantGroup;
			children = (
				B53E5D7F275B5B1E004E2B48 /* ru */,
				B53E5D81275B5B20004E2B48 /* en */,
			);
			name = Localizable.strings;
			sourceTree = "<group>";
		};
		B5B3493D270E207F00E7DE1C /* LaunchScreen.storyboard */ = {
			isa = PBXVariantGroup;
			children = (
				B5B3493E270E207F00E7DE1C /* Base */,
				B53E5D7B275B5AD0004E2B48 /* ru */,
			);
			name = LaunchScreen.storyboard;
			sourceTree = "<group>";
		};
/* End PBXVariantGroup section */

/* Begin XCBuildConfiguration section */
		B5B34941270E207F00E7DE1C /* Debug */ = {
			isa = XCBuildConfiguration;
			buildSettings = {
				ALWAYS_SEARCH_USER_PATHS = NO;
				CLANG_ANALYZER_LOCALIZABILITY_NONLOCALIZED = YES;
				CLANG_ANALYZER_NONNULL = YES;
				CLANG_ANALYZER_NUMBER_OBJECT_CONVERSION = YES_AGGRESSIVE;
				CLANG_CXX_LANGUAGE_STANDARD = "gnu++17";
				CLANG_CXX_LIBRARY = "libc++";
				CLANG_ENABLE_MODULES = YES;
				CLANG_ENABLE_OBJC_ARC = YES;
				CLANG_ENABLE_OBJC_WEAK = YES;
				CLANG_WARN_BLOCK_CAPTURE_AUTORELEASING = YES;
				CLANG_WARN_BOOL_CONVERSION = YES;
				CLANG_WARN_COMMA = YES;
				CLANG_WARN_CONSTANT_CONVERSION = YES;
				CLANG_WARN_DEPRECATED_OBJC_IMPLEMENTATIONS = YES;
				CLANG_WARN_DIRECT_OBJC_ISA_USAGE = YES_ERROR;
				CLANG_WARN_DOCUMENTATION_COMMENTS = YES;
				CLANG_WARN_EMPTY_BODY = YES;
				CLANG_WARN_ENUM_CONVERSION = YES;
				CLANG_WARN_INFINITE_RECURSION = YES;
				CLANG_WARN_INT_CONVERSION = YES;
				CLANG_WARN_NON_LITERAL_NULL_CONVERSION = YES;
				CLANG_WARN_OBJC_IMPLICIT_RETAIN_SELF = YES;
				CLANG_WARN_OBJC_LITERAL_CONVERSION = YES;
				CLANG_WARN_OBJC_ROOT_CLASS = YES_ERROR;
				CLANG_WARN_QUOTED_INCLUDE_IN_FRAMEWORK_HEADER = YES;
				CLANG_WARN_RANGE_LOOP_ANALYSIS = YES;
				CLANG_WARN_STRICT_PROTOTYPES = YES;
				CLANG_WARN_SUSPICIOUS_MOVE = YES;
				CLANG_WARN_UNGUARDED_AVAILABILITY = YES_AGGRESSIVE;
				CLANG_WARN_UNREACHABLE_CODE = YES;
				CLANG_WARN__DUPLICATE_METHOD_MATCH = YES;
				COPY_PHASE_STRIP = NO;
				DEBUG_INFORMATION_FORMAT = dwarf;
				ENABLE_STRICT_OBJC_MSGSEND = YES;
				ENABLE_TESTABILITY = YES;
				GCC_C_LANGUAGE_STANDARD = gnu11;
				GCC_DYNAMIC_NO_PIC = NO;
				GCC_NO_COMMON_BLOCKS = YES;
				GCC_OPTIMIZATION_LEVEL = 0;
				GCC_PREPROCESSOR_DEFINITIONS = (
					"DEBUG=1",
					"$(inherited)",
				);
				GCC_WARN_64_TO_32_BIT_CONVERSION = YES;
				GCC_WARN_ABOUT_RETURN_TYPE = YES_ERROR;
				GCC_WARN_UNDECLARED_SELECTOR = YES;
				GCC_WARN_UNINITIALIZED_AUTOS = YES_AGGRESSIVE;
				GCC_WARN_UNUSED_FUNCTION = YES;
				GCC_WARN_UNUSED_VARIABLE = YES;
				IPHONEOS_DEPLOYMENT_TARGET = 15.0;
				MTL_ENABLE_DEBUG_INFO = INCLUDE_SOURCE;
				MTL_FAST_MATH = YES;
				ONLY_ACTIVE_ARCH = YES;
				SDKROOT = iphoneos;
				SWIFT_ACTIVE_COMPILATION_CONDITIONS = DEBUG;
				SWIFT_OPTIMIZATION_LEVEL = "-Onone";
			};
			name = Debug;
		};
		B5B34942270E207F00E7DE1C /* Release */ = {
			isa = XCBuildConfiguration;
			buildSettings = {
				ALWAYS_SEARCH_USER_PATHS = NO;
				CLANG_ANALYZER_LOCALIZABILITY_NONLOCALIZED = YES;
				CLANG_ANALYZER_NONNULL = YES;
				CLANG_ANALYZER_NUMBER_OBJECT_CONVERSION = YES_AGGRESSIVE;
				CLANG_CXX_LANGUAGE_STANDARD = "gnu++17";
				CLANG_CXX_LIBRARY = "libc++";
				CLANG_ENABLE_MODULES = YES;
				CLANG_ENABLE_OBJC_ARC = YES;
				CLANG_ENABLE_OBJC_WEAK = YES;
				CLANG_WARN_BLOCK_CAPTURE_AUTORELEASING = YES;
				CLANG_WARN_BOOL_CONVERSION = YES;
				CLANG_WARN_COMMA = YES;
				CLANG_WARN_CONSTANT_CONVERSION = YES;
				CLANG_WARN_DEPRECATED_OBJC_IMPLEMENTATIONS = YES;
				CLANG_WARN_DIRECT_OBJC_ISA_USAGE = YES_ERROR;
				CLANG_WARN_DOCUMENTATION_COMMENTS = YES;
				CLANG_WARN_EMPTY_BODY = YES;
				CLANG_WARN_ENUM_CONVERSION = YES;
				CLANG_WARN_INFINITE_RECURSION = YES;
				CLANG_WARN_INT_CONVERSION = YES;
				CLANG_WARN_NON_LITERAL_NULL_CONVERSION = YES;
				CLANG_WARN_OBJC_IMPLICIT_RETAIN_SELF = YES;
				CLANG_WARN_OBJC_LITERAL_CONVERSION = YES;
				CLANG_WARN_OBJC_ROOT_CLASS = YES_ERROR;
				CLANG_WARN_QUOTED_INCLUDE_IN_FRAMEWORK_HEADER = YES;
				CLANG_WARN_RANGE_LOOP_ANALYSIS = YES;
				CLANG_WARN_STRICT_PROTOTYPES = YES;
				CLANG_WARN_SUSPICIOUS_MOVE = YES;
				CLANG_WARN_UNGUARDED_AVAILABILITY = YES_AGGRESSIVE;
				CLANG_WARN_UNREACHABLE_CODE = YES;
				CLANG_WARN__DUPLICATE_METHOD_MATCH = YES;
				COPY_PHASE_STRIP = NO;
				DEBUG_INFORMATION_FORMAT = "dwarf-with-dsym";
				ENABLE_NS_ASSERTIONS = NO;
				ENABLE_STRICT_OBJC_MSGSEND = YES;
				GCC_C_LANGUAGE_STANDARD = gnu11;
				GCC_NO_COMMON_BLOCKS = YES;
				GCC_WARN_64_TO_32_BIT_CONVERSION = YES;
				GCC_WARN_ABOUT_RETURN_TYPE = YES_ERROR;
				GCC_WARN_UNDECLARED_SELECTOR = YES;
				GCC_WARN_UNINITIALIZED_AUTOS = YES_AGGRESSIVE;
				GCC_WARN_UNUSED_FUNCTION = YES;
				GCC_WARN_UNUSED_VARIABLE = YES;
				IPHONEOS_DEPLOYMENT_TARGET = 15.0;
				MTL_ENABLE_DEBUG_INFO = NO;
				MTL_FAST_MATH = YES;
				SDKROOT = iphoneos;
				SWIFT_COMPILATION_MODE = wholemodule;
				SWIFT_OPTIMIZATION_LEVEL = "-O";
				VALIDATE_PRODUCT = YES;
			};
			name = Release;
		};
		B5B34944270E207F00E7DE1C /* Debug */ = {
			isa = XCBuildConfiguration;
			buildSettings = {
				ASSETCATALOG_COMPILER_GLOBAL_ACCENT_COLOR_NAME = AccentColor;
				CODE_SIGN_STYLE = Automatic;
				CURRENT_PROJECT_VERSION = 1;
				DEVELOPMENT_TEAM = 585BX3KVC6;
				FRAMEWORK_SEARCH_PATHS = (
					"$(inherited)",
					"$(PROJECT_DIR)",
				);
				GENERATE_INFOPLIST_FILE = YES;
				INFOPLIST_FILE = Musical_Player/Info.plist;
				INFOPLIST_KEY_UIApplicationSupportsIndirectInputEvents = YES;
				INFOPLIST_KEY_UILaunchStoryboardName = LaunchScreen;
				INFOPLIST_KEY_UISupportedInterfaceOrientations = "";
				INFOPLIST_KEY_UISupportedInterfaceOrientations_iPad = "UIInterfaceOrientationPortrait UIInterfaceOrientationPortraitUpsideDown UIInterfaceOrientationLandscapeLeft UIInterfaceOrientationLandscapeRight";
				INFOPLIST_KEY_UISupportedInterfaceOrientations_iPhone = "UIInterfaceOrientationPortrait UIInterfaceOrientationLandscapeLeft UIInterfaceOrientationLandscapeRight";
				IPHONEOS_DEPLOYMENT_TARGET = 13.0;
				LD_RUNPATH_SEARCH_PATHS = (
					"$(inherited)",
					"@executable_path/Frameworks",
				);
				MARKETING_VERSION = 1.0;
				PRODUCT_BUNDLE_IDENTIFIER = "MyOrgIdent.Musical-Player";
				PRODUCT_NAME = "$(TARGET_NAME)";
				SWIFT_EMIT_LOC_STRINGS = YES;
				SWIFT_VERSION = 5.0;
				TARGETED_DEVICE_FAMILY = "1,2";
			};
			name = Debug;
		};
		B5B34945270E207F00E7DE1C /* Release */ = {
			isa = XCBuildConfiguration;
			buildSettings = {
				ASSETCATALOG_COMPILER_GLOBAL_ACCENT_COLOR_NAME = AccentColor;
				CODE_SIGN_STYLE = Automatic;
				CURRENT_PROJECT_VERSION = 1;
				DEVELOPMENT_TEAM = 585BX3KVC6;
				FRAMEWORK_SEARCH_PATHS = (
					"$(inherited)",
					"$(PROJECT_DIR)",
				);
				GENERATE_INFOPLIST_FILE = YES;
				INFOPLIST_FILE = Musical_Player/Info.plist;
				INFOPLIST_KEY_UIApplicationSupportsIndirectInputEvents = YES;
				INFOPLIST_KEY_UILaunchStoryboardName = LaunchScreen;
				INFOPLIST_KEY_UISupportedInterfaceOrientations = "";
				INFOPLIST_KEY_UISupportedInterfaceOrientations_iPad = "UIInterfaceOrientationPortrait UIInterfaceOrientationPortraitUpsideDown UIInterfaceOrientationLandscapeLeft UIInterfaceOrientationLandscapeRight";
				INFOPLIST_KEY_UISupportedInterfaceOrientations_iPhone = "UIInterfaceOrientationPortrait UIInterfaceOrientationLandscapeLeft UIInterfaceOrientationLandscapeRight";
				IPHONEOS_DEPLOYMENT_TARGET = 13.0;
				LD_RUNPATH_SEARCH_PATHS = (
					"$(inherited)",
					"@executable_path/Frameworks",
				);
				MARKETING_VERSION = 1.0;
				PRODUCT_BUNDLE_IDENTIFIER = "MyOrgIdent.Musical-Player";
				PRODUCT_NAME = "$(TARGET_NAME)";
				SWIFT_EMIT_LOC_STRINGS = YES;
				SWIFT_VERSION = 5.0;
				TARGETED_DEVICE_FAMILY = "1,2";
			};
			name = Release;
		};
/* End XCBuildConfiguration section */

/* Begin XCConfigurationList section */
		B5B3492A270E207C00E7DE1C /* Build configuration list for PBXProject "Musical_Player" */ = {
			isa = XCConfigurationList;
			buildConfigurations = (
				B5B34941270E207F00E7DE1C /* Debug */,
				B5B34942270E207F00E7DE1C /* Release */,
			);
			defaultConfigurationIsVisible = 0;
			defaultConfigurationName = Release;
		};
		B5B34943270E207F00E7DE1C /* Build configuration list for PBXNativeTarget "Musical_Player" */ = {
			isa = XCConfigurationList;
			buildConfigurations = (
				B5B34944270E207F00E7DE1C /* Debug */,
				B5B34945270E207F00E7DE1C /* Release */,
			);
			defaultConfigurationIsVisible = 0;
			defaultConfigurationName = Release;
		};
/* End XCConfigurationList section */

/* Begin XCRemoteSwiftPackageReference section */
		B555AC7B27443F4D00365376 /* XCRemoteSwiftPackageReference "keychain-swift" */ = {
			isa = XCRemoteSwiftPackageReference;
			repositoryURL = "https://github.com/evgenyneu/keychain-swift.git";
			requirement = {
				branch = master;
				kind = branch;
			};
		};
		B5E79AC72761306F004B1DEE /* XCRemoteSwiftPackageReference "SDWebImage" */ = {
			isa = XCRemoteSwiftPackageReference;
			repositoryURL = "https://github.com/SDWebImage/SDWebImage.git";
			requirement = {
				branch = master;
				kind = branch;
			};
		};
/* End XCRemoteSwiftPackageReference section */

/* Begin XCSwiftPackageProductDependency section */
		B54E0D722770DC530064D540 /* KeychainSwift */ = {
			isa = XCSwiftPackageProductDependency;
			package = B555AC7B27443F4D00365376 /* XCRemoteSwiftPackageReference "keychain-swift" */;
			productName = KeychainSwift;
		};
		B54E0D742770DC580064D540 /* SDWebImage */ = {
			isa = XCSwiftPackageProductDependency;
			package = B5E79AC72761306F004B1DEE /* XCRemoteSwiftPackageReference "SDWebImage" */;
			productName = SDWebImage;
		};
/* End XCSwiftPackageProductDependency section */
	};
	rootObject = B5B34927270E207B00E7DE1C /* Project object */;
}
